Microsoft Visual Studio Solution File, Format Version 12.00
# Visual Studio Version 17
VisualStudioVersion = 17.9.34728.123
MinimumVisualStudioVersion = 10.0.40219.1
Project("{2150E333-8FDC-42A3-9474-1A3956D46DE8}") = "BACKEND", "BACKEND", "{58E2CE46-E3B7-4758-9FD1-B5B53B01FA98}"
EndProject
Project("{9A19103F-16F7-4668-BE54-9A1E7A4F7556}") = "JayGor.People.ErrorManager", "JayGor.People.ErrorManager\JayGor.People.ErrorManager.csproj", "{F191F213-D789-49C1-848D-7AC461BA6035}"
EndProject
Project("{9A19103F-16F7-4668-BE54-9A1E7A4F7556}") = "JayGor.People.Entities", "JayGor.People.Entities\JayGor.People.Entities.csproj", "{4A67B563-B5EC-4E79-A5C2-40705243D0A7}"
EndProject
Project("{9A19103F-16F7-4668-BE54-9A1E7A4F7556}") = "Jaygor.People.DataAccess.MySql", "Jaygor.People.DataAccess.MySql\Jaygor.People.DataAccess.MySql.csproj", "{EB8D6F63-E5B7-4814-9B2C-19197800B529}"
EndProject
Project("{9A19103F-16F7-4668-BE54-9A1E7A4F7556}") = "Jaygor.People.DataAccess", "Jaygor.People.DataAccess\Jaygor.People.DataAccess.csproj", "{8D4FAA1D-8931-4A1A-AB5D-E4CEE55CA6D8}"
EndProject
Project("{9A19103F-16F7-4668-BE54-9A1E7A4F7556}") = "Jaygor.People.Api", "Jaygor.People.Api\Jaygor.People.Api.csproj", "{6A477C92-9673-4E31-BCAA-155E9A3BF3E8}"
EndProject
Project("{2150E333-8FDC-42A3-9474-1A3956D46DE8}") = "0 COMMON", "0 COMMON", "{E0001BBB-AC9A-4602-9285-97667BE30A24}"
EndProject
Project("{2150E333-8FDC-42A3-9474-1A3956D46DE8}") = "1 DATA", "1 DATA", "{F6E5224B-BD3F-49FD-9035-675D698CCEBF}"
EndProject
Project("{2150E333-8FDC-42A3-9474-1A3956D46DE8}") = "2 BUSINESS", "2 BUSINESS", "{CA5405EF-3826-4FB1-84C7-360A14ED4909}"
EndProject
Project("{9A19103F-16F7-4668-BE54-9A1E7A4F7556}") = "Jaygor.People.Business", "Jaygor.People.Business\Jaygor.People.Business.csproj", "{8B2DB744-B85D-429E-9516-7ECECF3120B1}"
EndProject
Project("{2150E333-8FDC-42A3-9474-1A3956D46DE8}") = "3 API", "3 API", "{158F4560-6C6D-4015-8E1B-AEF811D01031}"
EndProject
Project("{2150E333-8FDC-42A3-9474-1A3956D46DE8}") = "Solution Items", "Solution Items", "{50B77180-2BD9-4AA1-8D61-D39B04A41D79}"
	ProjectSection(SolutionItems) = preProject
		global.json = global.json
		Jaygor.People.Solution.sln = Jaygor.People.Solution.sln
	EndProjectSection
EndProject
Project("{2150E333-8FDC-42A3-9474-1A3956D46DE8}") = "4.TEST", "4.TEST", "{F02FDFDD-8D53-438E-8122-57FC6AB6EEF7}"
EndProject
Global
	GlobalSection(SolutionConfigurationPlatforms) = preSolution
		Debug|Any CPU = Debug|Any CPU
		Release|Any CPU = Release|Any CPU
	EndGlobalSection
	GlobalSection(ProjectConfigurationPlatforms) = postSolution
		{F191F213-D789-49C1-848D-7AC461BA6035}.Debug|Any CPU.ActiveCfg = Debug|Any CPU
		{F191F213-D789-49C1-848D-7AC461BA6035}.Debug|Any CPU.Build.0 = Debug|Any CPU
		{F191F213-D789-49C1-848D-7AC461BA6035}.Release|Any CPU.ActiveCfg = Release|Any CPU
		{F191F213-D789-49C1-848D-7AC461BA6035}.Release|Any CPU.Build.0 = Release|Any CPU
		{4A67B563-B5EC-4E79-A5C2-40705243D0A7}.Debug|Any CPU.ActiveCfg = Debug|Any CPU
		{4A67B563-B5EC-4E79-A5C2-40705243D0A7}.Debug|Any CPU.Build.0 = Debug|Any CPU
		{4A67B563-B5EC-4E79-A5C2-40705243D0A7}.Release|Any CPU.ActiveCfg = Release|Any CPU
		{4A67B563-B5EC-4E79-A5C2-40705243D0A7}.Release|Any CPU.Build.0 = Release|Any CPU
		{EB8D6F63-E5B7-4814-9B2C-19197800B529}.Debug|Any CPU.ActiveCfg = Debug|Any CPU
		{EB8D6F63-E5B7-4814-9B2C-19197800B529}.Debug|Any CPU.Build.0 = Debug|Any CPU
		{EB8D6F63-E5B7-4814-9B2C-19197800B529}.Release|Any CPU.ActiveCfg = Release|Any CPU
		{EB8D6F63-E5B7-4814-9B2C-19197800B529}.Release|Any CPU.Build.0 = Release|Any CPU
		{8D4FAA1D-8931-4A1A-AB5D-E4CEE55CA6D8}.Debug|Any CPU.ActiveCfg = Debug|Any CPU
		{8D4FAA1D-8931-4A1A-AB5D-E4CEE55CA6D8}.Debug|Any CPU.Build.0 = Debug|Any CPU
		{8D4FAA1D-8931-4A1A-AB5D-E4CEE55CA6D8}.Release|Any CPU.ActiveCfg = Release|Any CPU
		{8D4FAA1D-8931-4A1A-AB5D-E4CEE55CA6D8}.Release|Any CPU.Build.0 = Release|Any CPU
		{6A477C92-9673-4E31-BCAA-155E9A3BF3E8}.Debug|Any CPU.ActiveCfg = Debug|Any CPU
		{6A477C92-9673-4E31-BCAA-155E9A3BF3E8}.Debug|Any CPU.Build.0 = Debug|Any CPU
		{6A477C92-9673-4E31-BCAA-155E9A3BF3E8}.Release|Any CPU.ActiveCfg = Release|Any CPU
		{6A477C92-9673-4E31-BCAA-155E9A3BF3E8}.Release|Any CPU.Build.0 = Release|Any CPU
		{8B2DB744-B85D-429E-9516-7ECECF3120B1}.Debug|Any CPU.ActiveCfg = Debug|Any CPU
		{8B2DB744-B85D-429E-9516-7ECECF3120B1}.Debug|Any CPU.Build.0 = Debug|Any CPU
		{8B2DB744-B85D-429E-9516-7ECECF3120B1}.Release|Any CPU.ActiveCfg = Release|Any CPU
		{8B2DB744-B85D-429E-9516-7ECECF3120B1}.Release|Any CPU.Build.0 = Release|Any CPU
	EndGlobalSection
	GlobalSection(SolutionProperties) = preSolution
		HideSolutionNode = FALSE
	EndGlobalSection
	GlobalSection(NestedProjects) = preSolution
		{F191F213-D789-49C1-848D-7AC461BA6035} = {E0001BBB-AC9A-4602-9285-97667BE30A24}
		{4A67B563-B5EC-4E79-A5C2-40705243D0A7} = {E0001BBB-AC9A-4602-9285-97667BE30A24}
		{EB8D6F63-E5B7-4814-9B2C-19197800B529} = {F6E5224B-BD3F-49FD-9035-675D698CCEBF}
		{8D4FAA1D-8931-4A1A-AB5D-E4CEE55CA6D8} = {F6E5224B-BD3F-49FD-9035-675D698CCEBF}
		{6A477C92-9673-4E31-BCAA-155E9A3BF3E8} = {158F4560-6C6D-4015-8E1B-AEF811D01031}
		{E0001BBB-AC9A-4602-9285-97667BE30A24} = {58E2CE46-E3B7-4758-9FD1-B5B53B01FA98}
		{F6E5224B-BD3F-49FD-9035-675D698CCEBF} = {58E2CE46-E3B7-4758-9FD1-B5B53B01FA98}
		{CA5405EF-3826-4FB1-84C7-360A14ED4909} = {58E2CE46-E3B7-4758-9FD1-B5B53B01FA98}
		{8B2DB744-B85D-429E-9516-7ECECF3120B1} = {CA5405EF-3826-4FB1-84C7-360A14ED4909}
		{158F4560-6C6D-4015-8E1B-AEF811D01031} = {58E2CE46-E3B7-4758-9FD1-B5B53B01FA98}
		{F02FDFDD-8D53-438E-8122-57FC6AB6EEF7} = {58E2CE46-E3B7-4758-9FD1-B5B53B01FA98}
	EndGlobalSection
	GlobalSection(ExtensibilityGlobals) = postSolution
		SolutionGuid = {55165F86-5137-433B-B911-0ED8C44B7A5C}
	EndGlobalSection
EndGlobal
